// !$*UTF8*$!
{
	archiveVersion = 1;
	classes = {
	};
	objectVersion = 46;
	objects = {

/* Begin PBXBuildFile section */
		1FD2BDED1B21799100E7BCF8 /* AppDelegate.swift in Sources */ = {isa = PBXBuildFile; fileRef = 1FD2BDEC1B21799100E7BCF8 /* AppDelegate.swift */; };
		1FD2BDEF1B21799100E7BCF8 /* ViewController.swift in Sources */ = {isa = PBXBuildFile; fileRef = 1FD2BDEE1B21799100E7BCF8 /* ViewController.swift */; };
		1FD2BDF21B21799100E7BCF8 /* Main.storyboard in Resources */ = {isa = PBXBuildFile; fileRef = 1FD2BDF01B21799100E7BCF8 /* Main.storyboard */; };
		1FD2BDF41B21799100E7BCF8 /* Images.xcassets in Resources */ = {isa = PBXBuildFile; fileRef = 1FD2BDF31B21799100E7BCF8 /* Images.xcassets */; };
		1FD2BDF71B21799100E7BCF8 /* LaunchScreen.xib in Resources */ = {isa = PBXBuildFile; fileRef = 1FD2BDF51B21799100E7BCF8 /* LaunchScreen.xib */; };
		1FD2BE031B21799100E7BCF8 /* AppRecordTests.swift in Sources */ = {isa = PBXBuildFile; fileRef = 1FD2BE021B21799100E7BCF8 /* AppRecordTests.swift */; };
/* End PBXBuildFile section */

/* Begin PBXContainerItemProxy section */
		1FD2BDFD1B21799100E7BCF8 /* PBXContainerItemProxy */ = {
			isa = PBXContainerItemProxy;
			containerPortal = 1FD2BDDF1B21799100E7BCF8 /* Project object */;
			proxyType = 1;
			remoteGlobalIDString = 1FD2BDE61B21799100E7BCF8;
			remoteInfo = AppRecord;
		};
/* End PBXContainerItemProxy section */

/* Begin PBXFileReference section */
		1FD2BDE71B21799100E7BCF8 /* AppRecord.app */ = {isa = PBXFileReference; explicitFileType = wrapper.application; includeInIndex = 0; path = AppRecord.app; sourceTree = BUILT_PRODUCTS_DIR; };
		1FD2BDEB1B21799100E7BCF8 /* Info.plist */ = {isa = PBXFileReference; lastKnownFileType = text.plist.xml; path = Info.plist; sourceTree = "<group>"; };
		1FD2BDEC1B21799100E7BCF8 /* AppDelegate.swift */ = {isa = PBXFileReference; lastKnownFileType = sourcecode.swift; path = AppDelegate.swift; sourceTree = "<group>"; };
		1FD2BDEE1B21799100E7BCF8 /* ViewController.swift */ = {isa = PBXFileReference; lastKnownFileType = sourcecode.swift; path = ViewController.swift; sourceTree = "<group>"; };
		1FD2BDF11B21799100E7BCF8 /* Base */ = {isa = PBXFileReference; lastKnownFileType = file.storyboard; name = Base; path = Base.lproj/Main.storyboard; sourceTree = "<group>"; };
		1FD2BDF31B21799100E7BCF8 /* Images.xcassets */ = {isa = PBXFileReference; lastKnownFileType = folder.assetcatalog; path = Images.xcassets; sourceTree = "<group>"; };
		1FD2BDF61B21799100E7BCF8 /* Base */ = {isa = PBXFileReference; lastKnownFileType = file.xib; name = Base; path = Base.lproj/LaunchScreen.xib; sourceTree = "<group>"; };
		1FD2BDFC1B21799100E7BCF8 /* AppRecordTests.xctest */ = {isa = PBXFileReference; explicitFileType = wrapper.cfbundle; includeInIndex = 0; path = AppRecordTests.xctest; sourceTree = BUILT_PRODUCTS_DIR; };
		1FD2BE011B21799100E7BCF8 /* Info.plist */ = {isa = PBXFileReference; lastKnownFileType = text.plist.xml; path = Info.plist; sourceTree = "<group>"; };
		1FD2BE021B21799100E7BCF8 /* AppRecordTests.swift */ = {isa = PBXFileReference; lastKnownFileType = sourcecode.swift; path = AppRecordTests.swift; sourceTree = "<group>"; };
/* End PBXFileReference section */

/* Begin PBXFrameworksBuildPhase section */
		1FD2BDE41B21799100E7BCF8 /* Frameworks */ = {
			isa = PBXFrameworksBuildPhase;
			buildActionMask = 2147483647;
			files = (
			);
			runOnlyForDeploymentPostprocessing = 0;
		};
		1FD2BDF91B21799100E7BCF8 /* Frameworks */ = {
			isa = PBXFrameworksBuildPhase;
			buildActionMask = 2147483647;
			files = (
			);
			runOnlyForDeploymentPostprocessing = 0;
		};
/* End PBXFrameworksBuildPhase section */

/* Begin PBXGroup section */
		1FD2BDDE1B21799100E7BCF8 = {
			isa = PBXGroup;
			children = (
				1FD2BDE91B21799100E7BCF8 /* AppRecord */,
				1FD2BDFF1B21799100E7BCF8 /* AppRecordTests */,
				1FD2BDE81B21799100E7BCF8 /* Products */,
			);
			sourceTree = "<group>";
		};
		1FD2BDE81B21799100E7BCF8 /* Products */ = {
			isa = PBXGroup;
			children = (
				1FD2BDE71B21799100E7BCF8 /* AppRecord.app */,
				1FD2BDFC1B21799100E7BCF8 /* AppRecordTests.xctest */,
			);
			name = Products;
			sourceTree = "<group>";
		};
		1FD2BDE91B21799100E7BCF8 /* AppRecord */ = {
			isa = PBXGroup;
			children = (
				1FD2BDEC1B21799100E7BCF8 /* AppDelegate.swift */,
				1FD2BDEE1B21799100E7BCF8 /* ViewController.swift */,
				1FD2BDF01B21799100E7BCF8 /* Main.storyboard */,
				1FD2BDF31B21799100E7BCF8 /* Images.xcassets */,
				1FD2BDF51B21799100E7BCF8 /* LaunchScreen.xib */,
				1FD2BDEA1B21799100E7BCF8 /* Supporting Files */,
			);
			path = AppRecord;
			sourceTree = "<group>";
		};
		1FD2BDEA1B21799100E7BCF8 /* Supporting Files */ = {
			isa = PBXGroup;
			children = (
				1FD2BDEB1B21799100E7BCF8 /* Info.plist */,
			);
			name = "Supporting Files";
			sourceTree = "<group>";
		};
		1FD2BDFF1B21799100E7BCF8 /* AppRecordTests */ = {
			isa = PBXGroup;
			children = (
				1FD2BE021B21799100E7BCF8 /* AppRecordTests.swift */,
				1FD2BE001B21799100E7BCF8 /* Supporting Files */,
			);
			path = AppRecordTests;
			sourceTree = "<group>";
		};
		1FD2BE001B21799100E7BCF8 /* Supporting Files */ = {
			isa = PBXGroup;
			children = (
				1FD2BE011B21799100E7BCF8 /* Info.plist */,
			);
			name = "Supporting Files";
			sourceTree = "<group>";
		};
/* End PBXGroup section */

/* Begin PBXNativeTarget section */
		1FD2BDE61B21799100E7BCF8 /* AppRecord */ = {
			isa = PBXNativeTarget;
			buildConfigurationList = 1FD2BE061B21799100E7BCF8 /* Build configuration list for PBXNativeTarget "AppRecord" */;
			buildPhases = (
				1FD2BDE31B21799100E7BCF8 /* Sources */,
				1FD2BDE41B21799100E7BCF8 /* Frameworks */,
				1FD2BDE51B21799100E7BCF8 /* Resources */,
			);
			buildRules = (
			);
			dependencies = (
			);
			name = AppRecord;
			productName = AppRecord;
			productReference = 1FD2BDE71B21799100E7BCF8 /* AppRecord.app */;
			productType = "com.apple.product-type.application";
		};
		1FD2BDFB1B21799100E7BCF8 /* AppRecordTests */ = {
			isa = PBXNativeTarget;
			buildConfigurationList = 1FD2BE091B21799100E7BCF8 /* Build configuration list for PBXNativeTarget "AppRecordTests" */;
			buildPhases = (
				1FD2BDF81B21799100E7BCF8 /* Sources */,
				1FD2BDF91B21799100E7BCF8 /* Frameworks */,
				1FD2BDFA1B21799100E7BCF8 /* Resources */,
			);
			buildRules = (
			);
			dependencies = (
				1FD2BDFE1B21799100E7BCF8 /* PBXTargetDependency */,
			);
			name = AppRecordTests;
			productName = AppRecordTests;
			productReference = 1FD2BDFC1B21799100E7BCF8 /* AppRecordTests.xctest */;
			productType = "com.apple.product-type.bundle.unit-test";
		};
/* End PBXNativeTarget section */

/* Begin PBXProject section */
		1FD2BDDF1B21799100E7BCF8 /* Project object */ = {
			isa = PBXProject;
			attributes = {
				LastUpgradeCheck = 0630;
				ORGANIZATIONNAME = "川上慶士";
				TargetAttributes = {
					1FD2BDE61B21799100E7BCF8 = {
						CreatedOnToolsVersion = 6.3.1;
					};
					1FD2BDFB1B21799100E7BCF8 = {
						CreatedOnToolsVersion = 6.3.1;
						TestTargetID = 1FD2BDE61B21799100E7BCF8;
					};
				};
			};
			buildConfigurationList = 1FD2BDE21B21799100E7BCF8 /* Build configuration list for PBXProject "AppRecord" */;
			compatibilityVersion = "Xcode 3.2";
			developmentRegion = English;
			hasScannedForEncodings = 0;
			knownRegions = (
				en,
				Base,
			);
			mainGroup = 1FD2BDDE1B21799100E7BCF8;
			productRefGroup = 1FD2BDE81B21799100E7BCF8 /* Products */;
			projectDirPath = "";
			projectRoot = "";
			targets = (
				1FD2BDE61B21799100E7BCF8 /* AppRecord */,
				1FD2BDFB1B21799100E7BCF8 /* AppRecordTests */,
			);
		};
/* End PBXProject section */

/* Begin PBXResourcesBuildPhase section */
		1FD2BDE51B21799100E7BCF8 /* Resources */ = {
			isa = PBXResourcesBuildPhase;
			buildActionMask = 2147483647;
			files = (
				1FD2BDF21B21799100E7BCF8 /* Main.storyboard in Resources */,
				1FD2BDF71B21799100E7BCF8 /* LaunchScreen.xib in Resources */,
				1FD2BDF41B21799100E7BCF8 /* Images.xcassets in Resources */,
			);
			runOnlyForDeploymentPostprocessing = 0;
		};
		1FD2BDFA1B21799100E7BCF8 /* Resources */ = {
			isa = PBXResourcesBuildPhase;
			buildActionMask = 2147483647;
			files = (
			);
			runOnlyForDeploymentPostprocessing = 0;
		};
/* End PBXResourcesBuildPhase section */

/* Begin PBXSourcesBuildPhase section */
		1FD2BDE31B21799100E7BCF8 /* Sources */ = {
			isa = PBXSourcesBuildPhase;
			buildActionMask = 2147483647;
			files = (
				1FD2BDEF1B21799100E7BCF8 /* ViewController.swift in Sources */,
				1FD2BDED1B21799100E7BCF8 /* AppDelegate.swift in Sources */,
			);
			runOnlyForDeploymentPostprocessing = 0;
		};
		1FD2BDF81B21799100E7BCF8 /* Sources */ = {
			isa = PBXSourcesBuildPhase;
			buildActionMask = 2147483647;
			files = (
				1FD2BE031B21799100E7BCF8 /* AppRecordTests.swift in Sources */,
			);
			runOnlyForDeploymentPostprocessing = 0;
		};
/* End PBXSourcesBuildPhase section */

/* Begin PBXTargetDependency section */
		1FD2BDFE1B21799100E7BCF8 /* PBXTargetDependency */ = {
			isa = PBXTargetDependency;
			target = 1FD2BDE61B21799100E7BCF8 /* AppRecord */;
			targetProxy = 1FD2BDFD1B21799100E7BCF8 /* PBXContainerItemProxy */;
		};
/* End PBXTargetDependency section */

/* Begin PBXVariantGroup section */
		1FD2BDF01B21799100E7BCF8 /* Main.storyboard */ = {
			isa = PBXVariantGroup;
			children = (
				1FD2BDF11B21799100E7BCF8 /* Base */,
			);
			name = Main.storyboard;
			sourceTree = "<group>";
		};
		1FD2BDF51B21799100E7BCF8 /* LaunchScreen.xib */ = {
			isa = PBXVariantGroup;
			children = (
				1FD2BDF61B21799100E7BCF8 /* Base */,
			);
			name = LaunchScreen.xib;
			sourceTree = "<group>";
		};
/* End PBXVariantGroup section */

/* Begin XCBuildConfiguration section */
		1FD2BE041B21799100E7BCF8 /* Debug */ = {
			isa = XCBuildConfiguration;
			buildSettings = {
				ALWAYS_SEARCH_USER_PATHS = NO;
				CLANG_CXX_LANGUAGE_STANDARD = "gnu++0x";
				CLANG_CXX_LIBRARY = "libc++";
				CLANG_ENABLE_MODULES = YES;
				CLANG_ENABLE_OBJC_ARC = YES;
				CLANG_WARN_BOOL_CONVERSION = YES;
				CLANG_WARN_CONSTANT_CONVERSION = YES;
				CLANG_WARN_DIRECT_OBJC_ISA_USAGE = YES_ERROR;
				CLANG_WARN_EMPTY_BODY = YES;
				CLANG_WARN_ENUM_CONVERSION = YES;
				CLANG_WARN_INT_CONVERSION = YES;
				CLANG_WARN_OBJC_ROOT_CLASS = YES_ERROR;
				CLANG_WARN_UNREACHABLE_CODE = YES;
				CLANG_WARN__DUPLICATE_METHOD_MATCH = YES;
				CODE_SIGN_IDENTITY = "iPhone Developer: Jun Osawa (6DGANA49BJ)";
				"CODE_SIGN_IDENTITY[sdk=iphoneos*]" = "iPhone Developer: Jun Osawa (6DGANA49BJ)";
				COPY_PHASE_STRIP = NO;
				DEBUG_INFORMATION_FORMAT = "dwarf-with-dsym";
				ENABLE_STRICT_OBJC_MSGSEND = YES;
				GCC_C_LANGUAGE_STANDARD = gnu99;
				GCC_DYNAMIC_NO_PIC = NO;
				GCC_NO_COMMON_BLOCKS = YES;
				GCC_OPTIMIZATION_LEVEL = 0;
				GCC_PREPROCESSOR_DEFINITIONS = (
					"DEBUG=1",
					"$(inherited)",
				);
				GCC_SYMBOLS_PRIVATE_EXTERN = NO;
				GCC_WARN_64_TO_32_BIT_CONVERSION = YES;
				GCC_WARN_ABOUT_RETURN_TYPE = YES_ERROR;
				GCC_WARN_UNDECLARED_SELECTOR = YES;
				GCC_WARN_UNINITIALIZED_AUTOS = YES_AGGRESSIVE;
				GCC_WARN_UNUSED_FUNCTION = YES;
				GCC_WARN_UNUSED_VARIABLE = YES;
				IPHONEOS_DEPLOYMENT_TARGET = 8.3;
				MTL_ENABLE_DEBUG_INFO = YES;
				ONLY_ACTIVE_ARCH = YES;
				SDKROOT = iphoneos;
				SWIFT_OPTIMIZATION_LEVEL = "-Onone";
				TARGETED_DEVICE_FAMILY = "1,2";
			};
			name = Debug;
		};
		1FD2BE051B21799100E7BCF8 /* Release */ = {
			isa = XCBuildConfiguration;
			buildSettings = {
				ALWAYS_SEARCH_USER_PATHS = NO;
				CLANG_CXX_LANGUAGE_STANDARD = "gnu++0x";
				CLANG_CXX_LIBRARY = "libc++";
				CLANG_ENABLE_MODULES = YES;
				CLANG_ENABLE_OBJC_ARC = YES;
				CLANG_WARN_BOOL_CONVERSION = YES;
				CLANG_WARN_CONSTANT_CONVERSION = YES;
				CLANG_WARN_DIRECT_OBJC_ISA_USAGE = YES_ERROR;
				CLANG_WARN_EMPTY_BODY = YES;
				CLANG_WARN_ENUM_CONVERSION = YES;
				CLANG_WARN_INT_CONVERSION = YES;
				CLANG_WARN_OBJC_ROOT_CLASS = YES_ERROR;
				CLANG_WARN_UNREACHABLE_CODE = YES;
				CLANG_WARN__DUPLICATE_METHOD_MATCH = YES;
				CODE_SIGN_IDENTITY = "iPhone Distribution: Jun Osawa (P6876FHLKW)";
				"CODE_SIGN_IDENTITY[sdk=iphoneos*]" = "iPhone Distribution: Jun Osawa (P6876FHLKW)";
				COPY_PHASE_STRIP = NO;
				DEBUG_INFORMATION_FORMAT = "dwarf-with-dsym";
				ENABLE_NS_ASSERTIONS = NO;
				ENABLE_STRICT_OBJC_MSGSEND = YES;
				GCC_C_LANGUAGE_STANDARD = gnu99;
				GCC_NO_COMMON_BLOCKS = YES;
				GCC_WARN_64_TO_32_BIT_CONVERSION = YES;
				GCC_WARN_ABOUT_RETURN_TYPE = YES_ERROR;
				GCC_WARN_UNDECLARED_SELECTOR = YES;
				GCC_WARN_UNINITIALIZED_AUTOS = YES_AGGRESSIVE;
				GCC_WARN_UNUSED_FUNCTION = YES;
				GCC_WARN_UNUSED_VARIABLE = YES;
				IPHONEOS_DEPLOYMENT_TARGET = 8.3;
				MTL_ENABLE_DEBUG_INFO = NO;
				SDKROOT = iphoneos;
				TARGETED_DEVICE_FAMILY = "1,2";
				VALIDATE_PRODUCT = YES;
			};
			name = Release;
		};
		1FD2BE071B21799100E7BCF8 /* Debug */ = {
			isa = XCBuildConfiguration;
			buildSettings = {
				ASSETCATALOG_COMPILER_APPICON_NAME = AppIcon;
				INFOPLIST_FILE = AppRecord/Info.plist;
				IPHONEOS_DEPLOYMENT_TARGET = 8.0;
				LD_RUNPATH_SEARCH_PATHS = "$(inherited) @executable_path/Frameworks";
				PRODUCT_NAME = "$(TARGET_NAME)";
			};
			name = Debug;
		};
		1FD2BE081B21799100E7BCF8 /* Release */ = {
			isa = XCBuildConfiguration;
			buildSettings = {
				ASSETCATALOG_COMPILER_APPICON_NAME = AppIcon;
				INFOPLIST_FILE = AppRecord/Info.plist;
				IPHONEOS_DEPLOYMENT_TARGET = 8.0;
				LD_RUNPATH_SEARCH_PATHS = "$(inherited) @executable_path/Frameworks";
				PRODUCT_NAME = "$(TARGET_NAME)";
			};
			name = Release;
		};
		1FD2BE0A1B21799100E7BCF8 /* Debug */ = {
			isa = XCBuildConfiguration;
			buildSettings = {
				BUNDLE_LOADER = "$(TEST_HOST)";
				FRAMEWORK_SEARCH_PATHS = (
					"$(SDKROOT)/Developer/Library/Frameworks",
					"$(inherited)",
				);
				GCC_PREPROCESSOR_DEFINITIONS = (
					"DEBUG=1",
					"$(inherited)",
				);
				INFOPLIST_FILE = AppRecordTests/Info.plist;
				LD_RUNPATH_SEARCH_PATHS = "$(inherited) @executable_path/Frameworks @loader_path/Frameworks";
				PRODUCT_NAME = "$(TARGET_NAME)";
				PROVISIONING_PROFILE = "f0cf4bd5-4fc9-495a-aae6-e23e4bd437e9";
				TEST_HOST = "$(BUILT_PRODUCTS_DIR)/AppRecord.app/AppRecord";
			};
			name = Debug;
		};
		1FD2BE0B1B21799100E7BCF8 /* Release */ = {
			isa = XCBuildConfiguration;
			buildSettings = {
				BUNDLE_LOADER = "$(TEST_HOST)";
				FRAMEWORK_SEARCH_PATHS = (
					"$(SDKROOT)/Developer/Library/Frameworks",
					"$(inherited)",
				);
				INFOPLIST_FILE = AppRecordTests/Info.plist;
				LD_RUNPATH_SEARCH_PATHS = "$(inherited) @executable_path/Frameworks @loader_path/Frameworks";
				PRODUCT_NAME = "$(TARGET_NAME)";
				PROVISIONING_PROFILE = "f0cf4bd5-4fc9-495a-aae6-e23e4bd437e9";
				TEST_HOST = "$(BUILT_PRODUCTS_DIR)/AppRecord.app/AppRecord";
			};
			name = Release;
		};
/* End XCBuildConfiguration section */

/* Begin XCConfigurationList section */
		1FD2BDE21B21799100E7BCF8 /* Build configuration list for PBXProject "AppRecord" */ = {
			isa = XCConfigurationList;
			buildConfigurations = (
				1FD2BE041B21799100E7BCF8 /* Debug */,
				1FD2BE051B21799100E7BCF8 /* Release */,
			);
			defaultConfigurationIsVisible = 0;
			defaultConfigurationName = Release;
		};
		1FD2BE061B21799100E7BCF8 /* Build configuration list for PBXNativeTarget "AppRecord" */ = {
			isa = XCConfigurationList;
			buildConfigurations = (
				1FD2BE071B21799100E7BCF8 /* Debug */,
				1FD2BE081B21799100E7BCF8 /* Release */,
			);
			defaultConfigurationIsVisible = 0;
		};
		1FD2BE091B21799100E7BCF8 /* Build configuration list for PBXNativeTarget "AppRecordTests" */ = {
			isa = XCConfigurationList;
			buildConfigurations = (
				1FD2BE0A1B21799100E7BCF8 /* Debug */,
				1FD2BE0B1B21799100E7BCF8 /* Release */,
			);
			defaultConfigurationIsVisible = 0;
		};
/* End XCConfigurationList section */
	};
	rootObject = 1FD2BDDF1B21799100E7BCF8 /* Project object */;
}
